
Microsoft Visual Studio Solution File, Format Version 12.00
# Visual Studio Version 16
VisualStudioVersion = 16.0.30413.136
MinimumVisualStudioVersion = 10.0.40219.1
Project("{FAE04EC0-301F-11D3-BF4B-00C04F79EFBC}") = "apple_splution", "apple_splution\apple_splution.csproj", "{7A7A13E5-AE44-42C7-8D73-C798C9CE0F43}"
EndProject
Global
	GlobalSection(SolutionConfigurationPlatforms) = preSolution
		Debug|Any CPU = Debug|Any CPU
		Release|Any CPU = Release|Any CPU
	EndGlobalSection
	GlobalSection(ProjectConfigurationPlatforms) = postSolution
		{7A7A13E5-AE44-42C7-8D73-C798C9CE0F43}.Debug|Any CPU.ActiveCfg = Debug|Any CPU
		{7A7A13E5-AE44-42C7-8D73-C798C9CE0F43}.Debug|Any CPU.Build.0 = Debug|Any CPU
		{7A7A13E5-AE44-42C7-8D73-C798C9CE0F43}.Release|Any CPU.ActiveCfg = Release|Any CPU
		{7A7A13E5-AE44-42C7-8D73-C798C9CE0F43}.Release|Any CPU.Build.0 = Release|Any CPU
	EndGlobalSection
	GlobalSection(SolutionProperties) = preSolution
		HideSolutionNode = FALSE
	EndGlobalSection
	GlobalSection(ExtensibilityGlobals) = postSolution
		SolutionGuid = {09A356C2-D46F-4C31-AB76-859911278386}
	EndGlobalSection
EndGlobal
